<?xml version="1.0" encoding="utf-8"?>
<Project ToolsVersion="4.0" xmlns="http://schemas.microsoft.com/developer/msbuild/2003">
  <ItemGroup>
    <Filter Include="Source Files">
      <UniqueIdentifier>{4FC737F1-C7A5-4376-A066-2A32D752A2FF}</UniqueIdentifier>
      <Extensions>cpp;c;cc;cxx;c++;cppm;ixx;def;odl;idl;hpj;bat;asm;asmx</Extensions>
    </Filter>
    <Filter Include="Header Files">
      <UniqueIdentifier>{93995380-89BD-4b04-88EB-625FBE52EBFB}</UniqueIdentifier>
      <Extensions>h;hh;hpp;hxx;h++;hm;inl;inc;ipp;xsd</Extensions>
    </Filter>
    <Filter Include="Resource Files">
      <UniqueIdentifier>{67DA6AB6-F800-4c08-8B7A-83BB121AAD01}</UniqueIdentifier>
      <Extensions>rc;ico;cur;bmp;dlg;rc2;rct;bin;rgs;gif;jpg;jpeg;jpe;resx;tiff;tif;png;wav;mfcribbon-ms</Extensions>
    </Filter>
    <Filter Include="src">
      <UniqueIdentifier>{e949a4f0-0f3b-4131-9976-c23747f4f9d7}</UniqueIdentifier>
    </Filter>
  </ItemGroup>
  <ItemGroup>
    <ClCompile Include="MinecraftClone\src\main.cpp">
      <Filter>src</Filter>
    </ClCompile>
    <ClCompile Include="MinecraftClone\src\glad.c">
      <Filter>Source Files</Filter>
    </ClCompile>
    <ClCompile Include="MinecraftClone\lib\stb.cpp">
      <Filter>Source Files</Filter>
    </ClCompile>
    <ClCompile Include="Linking\src\glad.c">
      <Filter>Source Files</Filter>
    </ClCompile>
    <ClCompile Include="MinecraftClone\src\Shaders\Shader.cpp">
      <Filter>Source Files</Filter>
    </ClCompile>
    <ClCompile Include="MinecraftClone\src\IO\Keyboard.cpp">
      <Filter>Source Files</Filter>
    </ClCompile>
    <ClCompile Include="MinecraftClone\src\IO\Mouse.cpp">
      <Filter>Source Files</Filter>
    </ClCompile>
  </ItemGroup>
  <ItemGroup>
    <None Include="packages.config" />
    <None Include="MinecraftClone\glfw3.dll" />
    <None Include="MinecraftClone\assets\vertex_core.glsl" />
    <None Include="MinecraftClone\assets\fragment_core.glsl" />
  </ItemGroup>
  <ItemGroup>
    <ClInclude Include="MinecraftClone\src\Renderer.h">
      <Filter>Header Files</Filter>
    </ClInclude>
    <ClInclude Include="Linking\include\stb_image.h">
      <Filter>Header Files</Filter>
    </ClInclude>
    <ClInclude Include="MinecraftClone\src\Shaders\Shader.h">
      <Filter>Header Files</Filter>
    </ClInclude>
    <ClInclude Include="MinecraftClone\src\IO\Keyboard.h">
      <Filter>Header Files</Filter>
    </ClInclude>
    <ClInclude Include="MinecraftClone\src\IO\Mouse.h">
      <Filter>Header Files</Filter>
    </ClInclude>
  </ItemGroup>
  <ItemGroup>
    <Image Include="MinecraftClone\assets\images\img.jpg">
      <Filter>Resource Files</Filter>
    </Image>
    <Image Include="MinecraftClone\assets\images\tx1.jpg">
      <Filter>Resource Files</Filter>
    </Image>
  </ItemGroup>
</Project>